
Microsoft Visual Studio Solution File, Format Version 12.00
# Visual Studio 15
Project("{FAE04EC0-301F-11D3-BF4B-00C04F79EFBC}") = "Assembly-CSharp", "Assembly-CSharp.csproj", "{FB37C267-5305-7851-E54B-F0AAFB23246B}"
EndProject
Global
	GlobalSection(SolutionConfigurationPlatforms) = preSolution
		Debug|Any CPU = Debug|Any CPU
		Release|Any CPU = Release|Any CPU
	EndGlobalSection
	GlobalSection(ProjectConfigurationPlatforms) = postSolution
		{FB37C267-5305-7851-E54B-F0AAFB23246B}.Debug|Any CPU.ActiveCfg = Debug|Any CPU
		{FB37C267-5305-7851-E54B-F0AAFB23246B}.Debug|Any CPU.Build.0 = Debug|Any CPU
		{FB37C267-5305-7851-E54B-F0AAFB23246B}.Release|Any CPU.ActiveCfg = Release|Any CPU
		{FB37C267-5305-7851-E54B-F0AAFB23246B}.Release|Any CPU.Build.0 = Release|Any CPU
	EndGlobalSection
	GlobalSection(SolutionProperties) = preSolution
		HideSolutionNode = FALSE
	EndGlobalSection
EndGlobal
